
Microsoft Visual Studio Solution File, Format Version 12.00
# Visual Studio Version 17
VisualStudioVersion = 17.1.32210.238
MinimumVisualStudioVersion = 10.0.40219.1
Project("{FAE04EC0-301F-11D3-BF4B-00C04F79EFBC}") = "TangyBlazorApp_Server", "TangyBlazorApp_Server\TangyBlazorApp_Server.csproj", "{CEE25993-3EA5-4C10-8FE3-115166E20088}"
EndProject
Project("{FAE04EC0-301F-11D3-BF4B-00C04F79EFBC}") = "Tangy_Models", "Tangy_Models\Tangy_Models.csproj", "{3BC9B98A-E3BC-4840-AA82-23AC3E2E5BB9}"
EndProject
Global
	GlobalSection(SolutionConfigurationPlatforms) = preSolution
		Debug|Any CPU = Debug|Any CPU
		Release|Any CPU = Release|Any CPU
	EndGlobalSection
	GlobalSection(ProjectConfigurationPlatforms) = postSolution
		{CEE25993-3EA5-4C10-8FE3-115166E20088}.Debug|Any CPU.ActiveCfg = Debug|Any CPU
		{CEE25993-3EA5-4C10-8FE3-115166E20088}.Debug|Any CPU.Build.0 = Debug|Any CPU
		{CEE25993-3EA5-4C10-8FE3-115166E20088}.Release|Any CPU.ActiveCfg = Release|Any CPU
		{CEE25993-3EA5-4C10-8FE3-115166E20088}.Release|Any CPU.Build.0 = Release|Any CPU
		{3BC9B98A-E3BC-4840-AA82-23AC3E2E5BB9}.Debug|Any CPU.ActiveCfg = Debug|Any CPU
		{3BC9B98A-E3BC-4840-AA82-23AC3E2E5BB9}.Debug|Any CPU.Build.0 = Debug|Any CPU
		{3BC9B98A-E3BC-4840-AA82-23AC3E2E5BB9}.Release|Any CPU.ActiveCfg = Release|Any CPU
		{3BC9B98A-E3BC-4840-AA82-23AC3E2E5BB9}.Release|Any CPU.Build.0 = Release|Any CPU
	EndGlobalSection
	GlobalSection(SolutionProperties) = preSolution
		HideSolutionNode = FALSE
	EndGlobalSection
	GlobalSection(ExtensibilityGlobals) = postSolution
		SolutionGuid = {3D4F969E-5FD6-43CF-9BC4-C2574A4892A8}
	EndGlobalSection
EndGlobal
